
Microsoft Visual Studio Solution File, Format Version 12.00
# Visual Studio Express 2013 for Windows Desktop
VisualStudioVersion = 12.0.21005.1
MinimumVisualStudioVersion = 10.0.40219.1
Project("{FAE04EC0-301F-11D3-BF4B-00C04F79EFBC}") = "Working with a Pupil Class", "Working with a Pupil Class\Working with a Pupil Class.csproj", "{C53314AA-3A56-4B54-8630-C5F1BE4F32E1}"
EndProject
Global
	GlobalSection(SolutionConfigurationPlatforms) = preSolution
		Debug|Any CPU = Debug|Any CPU
		Release|Any CPU = Release|Any CPU
	EndGlobalSection
	GlobalSection(ProjectConfigurationPlatforms) = postSolution
		{C53314AA-3A56-4B54-8630-C5F1BE4F32E1}.Debug|Any CPU.ActiveCfg = Debug|Any CPU
		{C53314AA-3A56-4B54-8630-C5F1BE4F32E1}.Debug|Any CPU.Build.0 = Debug|Any CPU
		{C53314AA-3A56-4B54-8630-C5F1BE4F32E1}.Release|Any CPU.ActiveCfg = Release|Any CPU
		{C53314AA-3A56-4B54-8630-C5F1BE4F32E1}.Release|Any CPU.Build.0 = Release|Any CPU
	EndGlobalSection
	GlobalSection(SolutionProperties) = preSolution
		HideSolutionNode = FALSE
	EndGlobalSection
EndGlobal
